
Microsoft Visual Studio Solution File, Format Version 12.00
# Visual Studio Version 16
VisualStudioVersion = 16.0.30002.166
MinimumVisualStudioVersion = 10.0.40219.1
Project("{CC5FD16D-436D-48AD-A40C-5A424C6E3E79}") = "BeDudeApi", "BeDudeApi\BeDudeApi.ccproj", "{8AE30193-F068-4B0E-8198-D446CCFE653C}"
EndProject
Project("{FAE04EC0-301F-11D3-BF4B-00C04F79EFBC}") = "BeDudeApiWebRole", "BeDudeApiWebRole\BeDudeApiWebRole.csproj", "{9A51381D-2F81-44A0-BF03-3511C63DD9A0}"
EndProject
Global
	GlobalSection(SolutionConfigurationPlatforms) = preSolution
		Debug|Any CPU = Debug|Any CPU
		Release|Any CPU = Release|Any CPU
	EndGlobalSection
	GlobalSection(ProjectConfigurationPlatforms) = postSolution
		{8AE30193-F068-4B0E-8198-D446CCFE653C}.Debug|Any CPU.ActiveCfg = Debug|Any CPU
		{8AE30193-F068-4B0E-8198-D446CCFE653C}.Debug|Any CPU.Build.0 = Debug|Any CPU
		{8AE30193-F068-4B0E-8198-D446CCFE653C}.Release|Any CPU.ActiveCfg = Release|Any CPU
		{8AE30193-F068-4B0E-8198-D446CCFE653C}.Release|Any CPU.Build.0 = Release|Any CPU
		{9A51381D-2F81-44A0-BF03-3511C63DD9A0}.Debug|Any CPU.ActiveCfg = Debug|Any CPU
		{9A51381D-2F81-44A0-BF03-3511C63DD9A0}.Debug|Any CPU.Build.0 = Debug|Any CPU
		{9A51381D-2F81-44A0-BF03-3511C63DD9A0}.Release|Any CPU.ActiveCfg = Release|Any CPU
		{9A51381D-2F81-44A0-BF03-3511C63DD9A0}.Release|Any CPU.Build.0 = Release|Any CPU
	EndGlobalSection
	GlobalSection(SolutionProperties) = preSolution
		HideSolutionNode = FALSE
	EndGlobalSection
	GlobalSection(ExtensibilityGlobals) = postSolution
		SolutionGuid = {4250F6CF-7DAF-4B47-BECF-FC849E77AFDB}
	EndGlobalSection
EndGlobal
